
Microsoft Visual Studio Solution File, Format Version 11.00
# Visual Studio 2010
Project("{FAE04EC0-301F-11D3-BF4B-00C04F79EFBC}") = "application", "application\application.csproj", "{CA2A6B35-7B88-4EA1-9E30-E4CD8E4696C6}"
EndProject
Project("{FAE04EC0-301F-11D3-BF4B-00C04F79EFBC}") = "video", "video\video.csproj", "{FD966438-C281-440C-9A0E-2CA21273AD4C}"
EndProject
Project("{FAE04EC0-301F-11D3-BF4B-00C04F79EFBC}") = "IA", "IA\IA.csproj", "{B85730B3-F138-420E-A1DB-A0350570CD40}"
EndProject
Project("{FAE04EC0-301F-11D3-BF4B-00C04F79EFBC}") = "xbee", "xbee\xbee.csproj", "{6ABA1396-7A17-413F-94A8-E3CD3D0DFBF6}"
EndProject
Global
	GlobalSection(SolutionConfigurationPlatforms) = preSolution
		Debug|Any CPU = Debug|Any CPU
		Debug|Mixed Platforms = Debug|Mixed Platforms
		Debug|x86 = Debug|x86
		Release|Any CPU = Release|Any CPU
		Release|Mixed Platforms = Release|Mixed Platforms
		Release|x86 = Release|x86
	EndGlobalSection
	GlobalSection(ProjectConfigurationPlatforms) = postSolution
		{CA2A6B35-7B88-4EA1-9E30-E4CD8E4696C6}.Debug|Any CPU.ActiveCfg = Debug|x86
		{CA2A6B35-7B88-4EA1-9E30-E4CD8E4696C6}.Debug|Mixed Platforms.ActiveCfg = Debug|x86
		{CA2A6B35-7B88-4EA1-9E30-E4CD8E4696C6}.Debug|Mixed Platforms.Build.0 = Debug|x86
		{CA2A6B35-7B88-4EA1-9E30-E4CD8E4696C6}.Debug|x86.ActiveCfg = Debug|x86
		{CA2A6B35-7B88-4EA1-9E30-E4CD8E4696C6}.Debug|x86.Build.0 = Debug|x86
		{CA2A6B35-7B88-4EA1-9E30-E4CD8E4696C6}.Release|Any CPU.ActiveCfg = Release|x86
		{CA2A6B35-7B88-4EA1-9E30-E4CD8E4696C6}.Release|Mixed Platforms.ActiveCfg = Release|x86
		{CA2A6B35-7B88-4EA1-9E30-E4CD8E4696C6}.Release|Mixed Platforms.Build.0 = Release|x86
		{CA2A6B35-7B88-4EA1-9E30-E4CD8E4696C6}.Release|x86.ActiveCfg = Release|x86
		{CA2A6B35-7B88-4EA1-9E30-E4CD8E4696C6}.Release|x86.Build.0 = Release|x86
		{FD966438-C281-440C-9A0E-2CA21273AD4C}.Debug|Any CPU.ActiveCfg = Debug|x86
		{FD966438-C281-440C-9A0E-2CA21273AD4C}.Debug|Mixed Platforms.ActiveCfg = Debug|x86
		{FD966438-C281-440C-9A0E-2CA21273AD4C}.Debug|Mixed Platforms.Build.0 = Debug|x86
		{FD966438-C281-440C-9A0E-2CA21273AD4C}.Debug|x86.ActiveCfg = Debug|x86
		{FD966438-C281-440C-9A0E-2CA21273AD4C}.Debug|x86.Build.0 = Debug|x86
		{FD966438-C281-440C-9A0E-2CA21273AD4C}.Release|Any CPU.ActiveCfg = Release|x86
		{FD966438-C281-440C-9A0E-2CA21273AD4C}.Release|Mixed Platforms.ActiveCfg = Release|x86
		{FD966438-C281-440C-9A0E-2CA21273AD4C}.Release|Mixed Platforms.Build.0 = Release|x86
		{FD966438-C281-440C-9A0E-2CA21273AD4C}.Release|x86.ActiveCfg = Release|x86
		{FD966438-C281-440C-9A0E-2CA21273AD4C}.Release|x86.Build.0 = Release|x86
		{B85730B3-F138-420E-A1DB-A0350570CD40}.Debug|Any CPU.ActiveCfg = Debug|x86
		{B85730B3-F138-420E-A1DB-A0350570CD40}.Debug|Mixed Platforms.ActiveCfg = Debug|x86
		{B85730B3-F138-420E-A1DB-A0350570CD40}.Debug|Mixed Platforms.Build.0 = Debug|x86
		{B85730B3-F138-420E-A1DB-A0350570CD40}.Debug|x86.ActiveCfg = Debug|x86
		{B85730B3-F138-420E-A1DB-A0350570CD40}.Debug|x86.Build.0 = Debug|x86
		{B85730B3-F138-420E-A1DB-A0350570CD40}.Release|Any CPU.ActiveCfg = Release|x86
		{B85730B3-F138-420E-A1DB-A0350570CD40}.Release|Mixed Platforms.ActiveCfg = Release|x86
		{B85730B3-F138-420E-A1DB-A0350570CD40}.Release|Mixed Platforms.Build.0 = Release|x86
		{B85730B3-F138-420E-A1DB-A0350570CD40}.Release|x86.ActiveCfg = Release|x86
		{B85730B3-F138-420E-A1DB-A0350570CD40}.Release|x86.Build.0 = Release|x86
		{6ABA1396-7A17-413F-94A8-E3CD3D0DFBF6}.Debug|Any CPU.ActiveCfg = Debug|x86
		{6ABA1396-7A17-413F-94A8-E3CD3D0DFBF6}.Debug|Mixed Platforms.ActiveCfg = Debug|x86
		{6ABA1396-7A17-413F-94A8-E3CD3D0DFBF6}.Debug|Mixed Platforms.Build.0 = Debug|x86
		{6ABA1396-7A17-413F-94A8-E3CD3D0DFBF6}.Debug|x86.ActiveCfg = Debug|x86
		{6ABA1396-7A17-413F-94A8-E3CD3D0DFBF6}.Debug|x86.Build.0 = Debug|x86
		{6ABA1396-7A17-413F-94A8-E3CD3D0DFBF6}.Release|Any CPU.ActiveCfg = Release|x86
		{6ABA1396-7A17-413F-94A8-E3CD3D0DFBF6}.Release|Mixed Platforms.ActiveCfg = Release|x86
		{6ABA1396-7A17-413F-94A8-E3CD3D0DFBF6}.Release|Mixed Platforms.Build.0 = Release|x86
		{6ABA1396-7A17-413F-94A8-E3CD3D0DFBF6}.Release|x86.ActiveCfg = Release|x86
		{6ABA1396-7A17-413F-94A8-E3CD3D0DFBF6}.Release|x86.Build.0 = Release|x86
	EndGlobalSection
	GlobalSection(SolutionProperties) = preSolution
		HideSolutionNode = FALSE
	EndGlobalSection
EndGlobal
